{
  "name": "pacman-assignment",
  "version": "1.0.0",
  "lockfileVersion": 2,
  "requires": true,
  "packages": {
    "": {
      "version": "1.0.0",
      "license": "ISC",
      "dependencies": {
        "bounce.js": "^0.8.2"
      }
    },
    "node_modules/bounce.js": {
      "version": "0.8.2",
      "resolved": "https://registry.npmjs.org/bounce.js/-/bounce.js-0.8.2.tgz",
      "integrity": "sha1-Pp684lPnK0L0F4tcgdtIU41nSoM="
    }
  },
  "dependencies": {
    "bounce.js": {
      "version": "0.8.2",
      "resolved": "https://registry.npmjs.org/bounce.js/-/bounce.js-0.8.2.tgz",
      "integrity": "sha1-Pp684lPnK0L0F4tcgdtIU41nSoM="
    }
  }
}
